# THIS IS AN AUTOGENERATED FILE. DO NOT EDIT THIS FILE DIRECTLY.
# yarn lockfile v1


"@tsconfig/recommended@^1.0.1":
  version "1.0.1"
  resolved "https://registry.yarnpkg.com/@tsconfig/recommended/-/recommended-1.0.1.tgz#7619bad397e06ead1c5182926c944e0ca6177f52"
  integrity sha512-2xN+iGTbPBEzGSnVp/Hd64vKJCJWxsi9gfs88x4PPMyEjHJoA3o5BY9r5OLPHIZU2pAQxkSAsJFqn6itClP8mQ==

"@types/node@^14.14.16":
  version "14.14.16"
  resolved "https://registry.yarnpkg.com/@types/node/-/node-14.14.16.tgz#3cc351f8d48101deadfed4c9e4f116048d437b4b"
  integrity sha512-naXYePhweTi+BMv11TgioE2/FXU4fSl29HAH1ffxVciNsH3rYXjNP2yM8wqmSm7jS20gM8TIklKiTen+1iVncw==

api-swgoh-help@^3.3.0:
  version "3.3.0"
  resolved "https://registry.yarnpkg.com/api-swgoh-help/-/api-swgoh-help-3.3.0.tgz#39dd528b3cb8c5fc7c74c259d8315bf2bef2d376"
  integrity sha512-WYm9fY0yJ9I4QFFsEBkd23c1CwkEsFmUdgPpeJNIDEpreLmpIwMZm5enY4E2OG+RfRmjORGe9RkI17I5HoDQgA==
  dependencies:
    node-fetch "^2.1.2"
    performance-now "^2.1.0"

es-module-loader@^2.3.0:
  version "2.3.0"
  resolved "https://registry.yarnpkg.com/es-module-loader/-/es-module-loader-2.3.0.tgz#e20835fc6ad0bf42e459fb8dd0a17b596e1a0127"
  integrity sha512-iuw5FdVMYA5d7CWCpGL3NcmRD2kWLGTNUds+vdcRuDWjnEsird1K7pSD9PXmvOU/B8sb4by12/9MFZD2hwXdAQ==

node-fetch@^2.1.2, node-fetch@^2.6.1:
  version "2.6.1"
  resolved "https://registry.yarnpkg.com/node-fetch/-/node-fetch-2.6.1.tgz#045bd323631f76ed2e2b55573394416b639a0052"
  integrity sha512-V4aYg89jEoVRxRb2fJdAg8FHvI7cEyYdVAh94HH0UIK8oJxUfkjlDQN9RbMx+bEjP7+ggMiFRprSti032Oipxw==

performance-now@^2.1.0:
  version "2.1.0"
  resolved "https://registry.yarnpkg.com/performance-now/-/performance-now-2.1.0.tgz#6309f4e0e5fa913ec1c69307ae364b4b377c9e7b"
  integrity sha1-Ywn04OX6kT7BxpMHrjZLSzd8nns=

swgoh-stat-calc@^1.1.2:
  version "1.1.2"
  resolved "https://registry.yarnpkg.com/swgoh-stat-calc/-/swgoh-stat-calc-1.1.2.tgz#af33b8b994bd3a557ca2b3d979c98bed665d5cfb"
  integrity sha512-s+tB2C3JDRkDMX1UjzTNn2zBd3/Y7SDvQDkjdDfUzPtBRK2NJrBqOtJQCBfYgXassrZ4P5e+3KdmuISNiCQq1Q==

typescript@^4.1.3:
  version "4.1.3"
  resolved "https://registry.yarnpkg.com/typescript/-/typescript-4.1.3.tgz#519d582bd94cba0cf8934c7d8e8467e473f53bb7"
  integrity sha512-B3ZIOf1IKeH2ixgHhj6la6xdwR9QrLC5d1VKeCSY4tvkqhF2eqd9O7txNlS0PO3GrBAFIdr3L1ndNwteUbZLYg==
